
Microsoft Visual Studio Solution File, Format Version 10.00
# Visual C++ Express 2008
Project("{8BC9CEB8-8B4A-11D0-8D11-00A0C91BC942}") = "DPInstSwitcher", "DPInstSwitcher.vcproj", "{F91AB23D-A304-4B32-9876-7036B998CF3E}"
EndProject
Global
	GlobalSection(SolutionConfigurationPlatforms) = preSolution
		Debug|Win32 = Debug|Win32
		Release|Win32 = Release|Win32
	EndGlobalSection
	GlobalSection(ProjectConfigurationPlatforms) = postSolution
		{F91AB23D-A304-4B32-9876-7036B998CF3E}.Debug|Win32.ActiveCfg = Debug|Win32
		{F91AB23D-A304-4B32-9876-7036B998CF3E}.Debug|Win32.Build.0 = Debug|Win32
		{F91AB23D-A304-4B32-9876-7036B998CF3E}.Release|Win32.ActiveCfg = Release|Win32
		{F91AB23D-A304-4B32-9876-7036B998CF3E}.Release|Win32.Build.0 = Release|Win32
	EndGlobalSection
	GlobalSection(SolutionProperties) = preSolution
		HideSolutionNode = FALSE
	EndGlobalSection
EndGlobal
